// !$*UTF8*$!
{
	archiveVersion = 1;
	classes = {
	};
	objectVersion = 48;
	objects = {

/* Begin PBXBuildFile section */
		57674A121F26800C00306B35 /* AppDelegate.swift in Sources */ = {isa = PBXBuildFile; fileRef = 57674A111F26800C00306B35 /* AppDelegate.swift */; };
		57674A141F26800C00306B35 /* ViewController.swift in Sources */ = {isa = PBXBuildFile; fileRef = 57674A131F26800C00306B35 /* ViewController.swift */; };
		57674A171F26800C00306B35 /* Main.storyboard in Resources */ = {isa = PBXBuildFile; fileRef = 57674A151F26800C00306B35 /* Main.storyboard */; };
		57674A191F26800C00306B35 /* Assets.xcassets in Resources */ = {isa = PBXBuildFile; fileRef = 57674A181F26800C00306B35 /* Assets.xcassets */; };
		57674A1C1F26800C00306B35 /* LaunchScreen.storyboard in Resources */ = {isa = PBXBuildFile; fileRef = 57674A1A1F26800C00306B35 /* LaunchScreen.storyboard */; };
/* End PBXBuildFile section */

/* Begin PBXFileReference section */
		57674A0E1F26800C00306B35 /* Repo2Test.app */ = {isa = PBXFileReference; explicitFileType = wrapper.application; includeInIndex = 0; path = Repo2Test.app; sourceTree = BUILT_PRODUCTS_DIR; };
		57674A111F26800C00306B35 /* AppDelegate.swift */ = {isa = PBXFileReference; lastKnownFileType = sourcecode.swift; path = AppDelegate.swift; sourceTree = "<group>"; };
		57674A131F26800C00306B35 /* ViewController.swift */ = {isa = PBXFileReference; lastKnownFileType = sourcecode.swift; path = ViewController.swift; sourceTree = "<group>"; };
		57674A161F26800C00306B35 /* Base */ = {isa = PBXFileReference; lastKnownFileType = file.storyboard; name = Base; path = Base.lproj/Main.storyboard; sourceTree = "<group>"; };
		57674A181F26800C00306B35 /* Assets.xcassets */ = {isa = PBXFileReference; lastKnownFileType = folder.assetcatalog; path = Assets.xcassets; sourceTree = "<group>"; };
		57674A1B1F26800C00306B35 /* Base */ = {isa = PBXFileReference; lastKnownFileType = file.storyboard; name = Base; path = Base.lproj/LaunchScreen.storyboard; sourceTree = "<group>"; };
		57674A1D1F26800C00306B35 /* Info.plist */ = {isa = PBXFileReference; lastKnownFileType = text.plist.xml; path = Info.plist; sourceTree = "<group>"; };
/* End PBXFileReference section */

/* Begin PBXFrameworksBuildPhase section */
		57674A0B1F26800C00306B35 /* Frameworks */ = {
			isa = PBXFrameworksBuildPhase;
			buildActionMask = 2147483647;
			files = (
			);
			runOnlyForDeploymentPostprocessing = 0;
		};
/* End PBXFrameworksBuildPhase section */

/* Begin PBXGroup section */
		57674A051F26800C00306B35 = {
			isa = PBXGroup;
			children = (
				57674A101F26800C00306B35 /* Repo2Test */,
				57674A0F1F26800C00306B35 /* Products */,
			);
			sourceTree = "<group>";
		};
		57674A0F1F26800C00306B35 /* Products */ = {
			isa = PBXGroup;
			children = (
				57674A0E1F26800C00306B35 /* Repo2Test.app */,
			);
			name = Products;
			sourceTree = "<group>";
		};
		57674A101F26800C00306B35 /* Repo2Test */ = {
			isa = PBXGroup;
			children = (
				57674A111F26800C00306B35 /* AppDelegate.swift */,
				57674A131F26800C00306B35 /* ViewController.swift */,
				57674A151F26800C00306B35 /* Main.storyboard */,
				57674A181F26800C00306B35 /* Assets.xcassets */,
				57674A1A1F26800C00306B35 /* LaunchScreen.storyboard */,
				57674A1D1F26800C00306B35 /* Info.plist */,
			);
			path = Repo2Test;
			sourceTree = "<group>";
		};
/* End PBXGroup section */

/* Begin PBXNativeTarget section */
		57674A0D1F26800C00306B35 /* Repo2Test */ = {
			isa = PBXNativeTarget;
			buildConfigurationList = 57674A201F26800C00306B35 /* Build configuration list for PBXNativeTarget "Repo2Test" */;
			buildPhases = (
				57674A0A1F26800C00306B35 /* Sources */,
				57674A0B1F26800C00306B35 /* Frameworks */,
				57674A0C1F26800C00306B35 /* Resources */,
			);
			buildRules = (
			);
			dependencies = (
			);
			name = Repo2Test;
			productName = Repo2Test;
			productReference = 57674A0E1F26800C00306B35 /* Repo2Test.app */;
			productType = "com.apple.product-type.application";
		};
/* End PBXNativeTarget section */

/* Begin PBXProject section */
		57674A061F26800C00306B35 /* Project object */ = {
			isa = PBXProject;
			attributes = {
				LastSwiftUpdateCheck = 0900;
				LastUpgradeCheck = 0900;
				ORGANIZATIONNAME = "BhupinderJit Bais";
				TargetAttributes = {
					57674A0D1F26800C00306B35 = {
						CreatedOnToolsVersion = 9.0;
					};
				};
			};
			buildConfigurationList = 57674A091F26800C00306B35 /* Build configuration list for PBXProject "Repo2Test" */;
			compatibilityVersion = "Xcode 8.0";
			developmentRegion = en;
			hasScannedForEncodings = 0;
			knownRegions = (
				en,
				Base,
			);
			mainGroup = 57674A051F26800C00306B35;
			productRefGroup = 57674A0F1F26800C00306B35 /* Products */;
			projectDirPath = "";
			projectRoot = "";
			targets = (
				57674A0D1F26800C00306B35 /* Repo2Test */,
			);
		};
/* End PBXProject section */

/* Begin PBXResourcesBuildPhase section */
		57674A0C1F26800C00306B35 /* Resources */ = {
			isa = PBXResourcesBuildPhase;
			buildActionMask = 2147483647;
			files = (
				57674A1C1F26800C00306B35 /* LaunchScreen.storyboard in Resources */,
				57674A191F26800C00306B35 /* Assets.xcassets in Resources */,
				57674A171F26800C00306B35 /* Main.storyboard in Resources */,
			);
			runOnlyForDeploymentPostprocessing = 0;
		};
/* End PBXResourcesBuildPhase section */

/* Begin PBXSourcesBuildPhase section */
		57674A0A1F26800C00306B35 /* Sources */ = {
			isa = PBXSourcesBuildPhase;
			buildActionMask = 2147483647;
			files = (
				57674A141F26800C00306B35 /* ViewController.swift in Sources */,
				57674A121F26800C00306B35 /* AppDelegate.swift in Sources */,
			);
			runOnlyForDeploymentPostprocessing = 0;
		};
/* End PBXSourcesBuildPhase section */

/* Begin PBXVariantGroup section */
		57674A151F26800C00306B35 /* Main.storyboard */ = {
			isa = PBXVariantGroup;
			children = (
				57674A161F26800C00306B35 /* Base */,
			);
			name = Main.storyboard;
			sourceTree = "<group>";
		};
		57674A1A1F26800C00306B35 /* LaunchScreen.storyboard */ = {
			isa = PBXVariantGroup;
			children = (
				57674A1B1F26800C00306B35 /* Base */,
			);
			name = LaunchScreen.storyboard;
			sourceTree = "<group>";
		};
/* End PBXVariantGroup section */

/* Begin XCBuildConfiguration section */
		57674A1E1F26800C00306B35 /* Debug */ = {
			isa = XCBuildConfiguration;
			buildSettings = {
				ALWAYS_SEARCH_USER_PATHS = NO;
				CLANG_ANALYZER_NONNULL = YES;
				CLANG_ANALYZER_NUMBER_OBJECT_CONVERSION = YES_AGGRESSIVE;
				CLANG_CXX_LANGUAGE_STANDARD = "gnu++14";
				CLANG_CXX_LIBRARY = "libc++";
				CLANG_ENABLE_MODULES = YES;
				CLANG_ENABLE_OBJC_ARC = YES;
				CLANG_WARN_BLOCK_CAPTURE_AUTORELEASING = YES;
				CLANG_WARN_BOOL_CONVERSION = YES;
				CLANG_WARN_COMMA = YES;
				CLANG_WARN_CONSTANT_CONVERSION = YES;
				CLANG_WARN_DIRECT_OBJC_ISA_USAGE = YES_ERROR;
				CLANG_WARN_DOCUMENTATION_COMMENTS = YES;
				CLANG_WARN_EMPTY_BODY = YES;
				CLANG_WARN_ENUM_CONVERSION = YES;
				CLANG_WARN_INFINITE_RECURSION = YES;
				CLANG_WARN_INT_CONVERSION = YES;
				CLANG_WARN_OBJC_ROOT_CLASS = YES_ERROR;
				CLANG_WARN_RANGE_LOOP_ANALYSIS = YES;
				CLANG_WARN_STRICT_PROTOTYPES = YES;
				CLANG_WARN_SUSPICIOUS_MOVE = YES;
				CLANG_WARN_UNGUARDED_AVAILABILITY = YES_AGGRESSIVE;
				CLANG_WARN_UNREACHABLE_CODE = YES;
				CLANG_WARN__DUPLICATE_METHOD_MATCH = YES;
				CODE_SIGN_IDENTITY = "iPhone Developer";
				COPY_PHASE_STRIP = NO;
				DEBUG_INFORMATION_FORMAT = dwarf;
				ENABLE_STRICT_OBJC_MSGSEND = YES;
				ENABLE_TESTABILITY = YES;
				GCC_C_LANGUAGE_STANDARD = gnu11;
				GCC_DYNAMIC_NO_PIC = NO;
				GCC_NO_COMMON_BLOCKS = YES;
				GCC_OPTIMIZATION_LEVEL = 0;
				GCC_PREPROCESSOR_DEFINITIONS = (
					"DEBUG=1",
					"$(inherited)",
				);
				GCC_WARN_64_TO_32_BIT_CONVERSION = YES;
				GCC_WARN_ABOUT_RETURN_TYPE = YES_ERROR;
				GCC_WARN_UNDECLARED_SELECTOR = YES;
				GCC_WARN_UNINITIALIZED_AUTOS = YES_AGGRESSIVE;
				GCC_WARN_UNUSED_FUNCTION = YES;
				GCC_WARN_UNUSED_VARIABLE = YES;
				IPHONEOS_DEPLOYMENT_TARGET = 11.0;
				MTL_ENABLE_DEBUG_INFO = YES;
				ONLY_ACTIVE_ARCH = YES;
				SDKROOT = iphoneos;
				SWIFT_ACTIVE_COMPILATION_CONDITIONS = DEBUG;
				SWIFT_OPTIMIZATION_LEVEL = "-Onone";
			};
			name = Debug;
		};
		57674A1F1F26800C00306B35 /* Release */ = {
			isa = XCBuildConfiguration;
			buildSettings = {
				ALWAYS_SEARCH_USER_PATHS = NO;
				CLANG_ANALYZER_NONNULL = YES;
				CLANG_ANALYZER_NUMBER_OBJECT_CONVERSION = YES_AGGRESSIVE;
				CLANG_CXX_LANGUAGE_STANDARD = "gnu++14";
				CLANG_CXX_LIBRARY = "libc++";
				CLANG_ENABLE_MODULES = YES;
				CLANG_ENABLE_OBJC_ARC = YES;
				CLANG_WARN_BLOCK_CAPTURE_AUTORELEASING = YES;
				CLANG_WARN_BOOL_CONVERSION = YES;
				CLANG_WARN_COMMA = YES;
				CLANG_WARN_CONSTANT_CONVERSION = YES;
				CLANG_WARN_DIRECT_OBJC_ISA_USAGE = YES_ERROR;
				CLANG_WARN_DOCUMENTATION_COMMENTS = YES;
				CLANG_WARN_EMPTY_BODY = YES;
				CLANG_WARN_ENUM_CONVERSION = YES;
				CLANG_WARN_INFINITE_RECURSION = YES;
				CLANG_WARN_INT_CONVERSION = YES;
				CLANG_WARN_OBJC_ROOT_CLASS = YES_ERROR;
				CLANG_WARN_RANGE_LOOP_ANALYSIS = YES;
				CLANG_WARN_STRICT_PROTOTYPES = YES;
				CLANG_WARN_SUSPICIOUS_MOVE = YES;
				CLANG_WARN_UNGUARDED_AVAILABILITY = YES_AGGRESSIVE;
				CLANG_WARN_UNREACHABLE_CODE = YES;
				CLANG_WARN__DUPLICATE_METHOD_MATCH = YES;
				CODE_SIGN_IDENTITY = "iPhone Developer";
				COPY_PHASE_STRIP = NO;
				DEBUG_INFORMATION_FORMAT = "dwarf-with-dsym";
				ENABLE_NS_ASSERTIONS = NO;
				ENABLE_STRICT_OBJC_MSGSEND = YES;
				GCC_C_LANGUAGE_STANDARD = gnu11;
				GCC_NO_COMMON_BLOCKS = YES;
				GCC_WARN_64_TO_32_BIT_CONVERSION = YES;
				GCC_WARN_ABOUT_RETURN_TYPE = YES_ERROR;
				GCC_WARN_UNDECLARED_SELECTOR = YES;
				GCC_WARN_UNINITIALIZED_AUTOS = YES_AGGRESSIVE;
				GCC_WARN_UNUSED_FUNCTION = YES;
				GCC_WARN_UNUSED_VARIABLE = YES;
				IPHONEOS_DEPLOYMENT_TARGET = 11.0;
				MTL_ENABLE_DEBUG_INFO = NO;
				SDKROOT = iphoneos;
				SWIFT_OPTIMIZATION_LEVEL = "-Owholemodule";
				VALIDATE_PRODUCT = YES;
			};
			name = Release;
		};
		57674A211F26800C00306B35 /* Debug */ = {
			isa = XCBuildConfiguration;
			buildSettings = {
				ASSETCATALOG_COMPILER_APPICON_NAME = AppIcon;
				INFOPLIST_FILE = Repo2Test/Info.plist;
				LD_RUNPATH_SEARCH_PATHS = "$(inherited) @executable_path/Frameworks";
				PRODUCT_BUNDLE_IDENTIFIER = com.bjbais.Repo2Test;
				PRODUCT_NAME = "$(TARGET_NAME)";
				SWIFT_VERSION = 4.0;
				TARGETED_DEVICE_FAMILY = "1,2";
			};
			name = Debug;
		};
		57674A221F26800C00306B35 /* Release */ = {
			isa = XCBuildConfiguration;
			buildSettings = {
				ASSETCATALOG_COMPILER_APPICON_NAME = AppIcon;
				INFOPLIST_FILE = Repo2Test/Info.plist;
				LD_RUNPATH_SEARCH_PATHS = "$(inherited) @executable_path/Frameworks";
				PRODUCT_BUNDLE_IDENTIFIER = com.bjbais.Repo2Test;
				PRODUCT_NAME = "$(TARGET_NAME)";
				SWIFT_VERSION = 4.0;
				TARGETED_DEVICE_FAMILY = "1,2";
			};
			name = Release;
		};
/* End XCBuildConfiguration section */

/* Begin XCConfigurationList section */
		57674A091F26800C00306B35 /* Build configuration list for PBXProject "Repo2Test" */ = {
			isa = XCConfigurationList;
			buildConfigurations = (
				57674A1E1F26800C00306B35 /* Debug */,
				57674A1F1F26800C00306B35 /* Release */,
			);
			defaultConfigurationIsVisible = 0;
			defaultConfigurationName = Release;
		};
		57674A201F26800C00306B35 /* Build configuration list for PBXNativeTarget "Repo2Test" */ = {
			isa = XCConfigurationList;
			buildConfigurations = (
				57674A211F26800C00306B35 /* Debug */,
				57674A221F26800C00306B35 /* Release */,
			);
			defaultConfigurationIsVisible = 0;
		};
/* End XCConfigurationList section */
	};
	rootObject = 57674A061F26800C00306B35 /* Project object */;
}
